# THIS IS AN AUTOGENERATED FILE. DO NOT EDIT THIS FILE DIRECTLY.
# yarn lockfile v1


"@ampproject/remapping@^2.2.0":
 

"base64-js@^1.1.2", "base64-js@^1.2.3", "base64-js@^1.3.1", "base64-js@^1.5.1":
  "integrity" "sha512-AKpaYlHn8t4SVbOHCy+b5+KKgvR4vrsD8vbvrbiQJps7fKDTkjkDry6ji0rUJjC0kzbNePLwzxq8iypo41qeWA=="
  "resolved" "https://registry.npmjs.org/base64-js/-/base64-js-1.5.1.tgz"
  "version" "1.5.1"

"better-opn@~3.0.2":
  "integrity" "sha512-aVNobHnJqLiUelTaHat9DZ1qM2w0C0Eym4LPI/3JxOnSokGVdsl1T1kN7TFvsEAD8G47A6VKQ0TVHqbBnYMJlQ=="
  "resolved" "https://registry.npmjs.org/better-opn/-/better-opn-3.0.2.tgz"
  "version" "3.0.2"
  dependencies:
    "open" "^8.0.4"

"big-integer@1.6.x":
  "integrity" "sha512-GPEid2Y9QU1Exl1rpO9B2IPJGHPSupF5GnVIP0blYvNOMer2bTvSWs1jGOUg04hTmu67nmLsQ9TBo1puaotBHg=="
  "resolved" "https://registry.npmjs.org/big-integer/-/big-integer-1.6.51.tgz"
  "version" "1.6.51"

"bl@^4.1.0":
  "integrity" "sha512-1W07cM9gS6DcLperZfFSj+bWLtaPGSOHWhPiGzXmvVJbRLdG82sH/Kn8EtW1VqWVA54AKf2h5k5BbnIbwF3h6w=="
  "resolved" "https://registry.npmjs.org/bl/-/bl-4.1.0.tgz"
  "version" "4.1.0"
  dependencies:
    "buffer" "^5.5.0"
    "inherits" "^2.0.4"
    "readable-stream" "^3.4.0"

"blueimp-md5@^2.10.0":
  "integrity" "sha512-DRQrD6gJyy8FbiE4s+bDoXS9hiW3Vbx5uCdwvcCf3zLHL+Iv7LtGHLpr+GZV8rHG8tK766FGYBwRbu8pELTt+w=="
  "resolved" "https://registry.npmjs.org/blueimp-md5/-/blueimp-md5-2.19.0.tgz"
  "version" "2.19.0"

"body-parser@^1.20.1":
  "integrity" "sha512-ml9pReCu3M61kGlqoTm2umSXTlRTuGTx0bfYj+uIUKKYycG5NtSbeetV3faSU6R7ajOPw0g/J1PvK4qNy7s5bA=="
  "resolved" "https://registry.npmjs.org/body-parser/-/body-parser-1.20.2.tgz"
  "version" "1.20.2"
  dependencies:
    "bytes" "3.1.2"
    "content-type" "~1.0.5"
    "debug" "2.6.9"
    "depd" "2.0.0"
    "destroy" "1.2.0"
    "http-errors" "2.0.0"
    "iconv-lite" "0.4.24"
    "on-finished" "2.4.1"
    "qs" "6.11.0"
    "raw-body" "2.5.2"
    "type-is" "~1.6.18"
    "unpipe" "1.0.0"

"bplist-creator@0.1.0":
  "integrity" "sha512-sXaHZicyEEmY86WyueLTQesbeoH/mquvarJaQNbjuOQO+7gbFcDEWqKmcWA4cOTLzFlfgvkiVxolk1k5bBIpmg=="
  "resolved" "https://registry.npmjs.org/bplist-creator/-/bplist-creator-0.1.0.tgz"
  "version" "0.1.0"
  dependencies:
    "stream-buffers" "2.2.x"

"bplist-parser@^0.3.1":
  "integrity" "sha512-apC2+fspHGI3mMKj+dGevkGo/tCqVB8jMb6i+OX+E29p0Iposz07fABkRIfVUPNd5A5VbuOz1bZbnmkKLYF+wQ=="
  "resolved" "https://registry.npmjs.org/bplist-parser/-/bplist-parser-0.3.2.tgz"
  "version" "0.3.2"
  dependencies:
    "big-integer" "1.6.x"

"bplist-parser@0.3.1":
  "integrity" "sha512-PyJxiNtA5T2PlLIeBot4lbp7rj4OadzjnMZD/G5zuBNt8ei/yCU7+wW0h2bag9vr8c+/WuRWmSxbqAl9hL1rBA=="
  "resolved" "https://registry.npmjs.org/bplist-parser/-/bplist-parser-0.3.1.tgz"
  "version" "0.3.1"
  dependencies:
    "big-integer" "1.6.x"

"brace-expansion@^1.1.7":
  "integrity" "sha512-iCuPHDFgrHX7H2vEI/5xpz07zSHB00TpugqhmYtVmMO6518mCuRMoOYFldEBl0g187ufozdaHgWKcYFb61qGiA=="
  "resolved" "https://registry.npmjs.org/brace-expansion/-/brace-expansion-1.1.11.tgz"
  "version" "1.1.11"
  dependencies:
    "balanced-match" "^1.0.0"
    "concat-map" "0.0.1"

"braces@^2.3.1":
  "integrity" "sha512-aNdbnj9P8PjdXU4ybaWLK2IF3jc/EoDYbC7AazW6to3TRsfXxscC9UXOB5iDiEQrkyIbWp2SLQda4+QAa7nc3w=="
  "resolved" "https://registry.npmjs.org/braces/-/braces-2.3.2.tgz"
  "version" "2.3.2"
  dependencies:
    "arr-flatten" "^1.1.0"
    "array-unique" "^0.3.2"
    "extend-shallow" "^2.0.1"
    "fill-range" "^4.0.0"
    "isobject" "^3.0.1"
    "repeat-element" "^1.1.2"
    "snapdragon" "^0.8.1"
    "snapdragon-node" "^2.0.1"
    "split-string" "^3.0.2"
    "to-regex" "^3.0.1"

"braces@^3.0.2":
  "integrity" "sha512-b8um+L1RzM3WDSzvhm6gIz1yfTbBt6YTlcEKAvsmqCZZFw46z626lVj9j1yEPW33H5H+lBQpZMP1k8l+78Ha0A=="
  "resolved" "https://registry.npmjs.org/braces/-/braces-3.0.2.tgz"
  "version" "3.0.2"
  dependencies:
    "fill-range" "^7.0.1"

"browserslist@^4.21.3", "browserslist@^4.21.5", "browserslist@>= 4.21.0":
  "integrity" "sha512-tUkiguQGW7S3IhB7N+c2MV/HZPSCPAAiYBZXLsBhFB/PCy6ZKKsZrmBayHV9fdGV/ARIfJ14NkxKzRDjvp7L6w=="
  "resolved" "https://registry.npmjs.org/browserslist/-/browserslist-4.21.5.tgz"
  "version" "4.21.5"
  dependencies:
    "caniuse-lite" "^1.0.30001449"
    "electron-to-chromium" "^1.4.284"
    "node-releases" "^2.0.8"
    "update-browserslist-db" "^1.0.10"

"buffer-alloc-unsafe@^1.1.0":
  "integrity" "sha512-TEM2iMIEQdJ2yjPJoSIsldnleVaAk1oW3DBVUykyOLsEsFmEc9kn+SFFPz+gl54KQNxlDnAwCXosOS9Okx2xAg=="
  "resolved" "https://registry.npmjs.org/buffer-alloc-unsafe/-/buffer-alloc-unsafe-1.1.0.tgz"
  "version" "1.1.0"

"buffer-alloc@^1.1.0":
  "integrity" "sha512-CFsHQgjtW1UChdXgbyJGtnm+O/uLQeZdtbDo8mfUgYXCHSM1wgrVxXm6bSyrUuErEb+4sYVGCzASBRot7zyrow=="
  "resolved" "https://registry.npmjs.org/buffer-alloc/-/buffer-alloc-1.2.0.tgz"
  "version" "1.2.0"
  dependencies:
    "buffer-alloc-unsafe" "^1.1.0"
    "buffer-fill" "^1.0.0"

"buffer-fill@^1.0.0":
  "integrity" "sha512-T7zexNBwiiaCOGDg9xNX9PBmjrubblRkENuptryuI64URkXDFum9il/JGL8Lm8wYfAXpredVXXZz7eMHilimiQ=="
  "resolved" "https://registry.npmjs.org/buffer-fill/-/buffer-fill-1.0.0.tgz"
  "version" "1.0.0"

"buffer-from@^1.0.0":
  "integrity" "sha512-E+XQCRwSbaaiChtv6k6Dwgc+bx+Bs6vuKJHHl5kox/BaKbhiXzqQOwK4cO22yElGp2OCmjwVhT3HmxgyPGnJfQ=="
  "resolved" "https://registry.npmjs.org/buffer-from/-/buffer-from-1.1.2.tgz"
  "version" "1.1.2"

"buffer@^5.5.0":
  "integrity" "sha512-EHcyIPBQ4BSGlvjB16k5KgAJ27CIsHY/2JBmCRReo48y9rQ3MaUzWX3KVlBa4U7MyX02HdVj0K7C3WaB3ju7FQ=="
  "resolved" "https://registry.npmjs.org/buffer/-/buffer-5.7.1.tgz"
  "version" "5.7.1"
  dependencies:
    "base64-js" "^1.3.1"
    "ieee754" "^1.1.13"

"builtins@^1.0.3":
  "integrity" "sha512-uYBjakWipfaO/bXI7E8rq6kpwHRZK5cNYrUv2OzZSI/FvmdMyXJ2tG9dKcjEC5YHmHpUAwsargWIZNWdxb/bnQ=="
  "resolved" "https://registry.npmjs.org/builtins/-/builtins-1.0.3.tgz"
  "version" "1.0.3"

"bytes@3.0.0":
  "integrity" "sha512-pMhOfFDPiv9t5jjIXkHosWmkSyQbvsgEVNkz0ERHbuLh2T/7j4Mqqpz523Fe8MVY89KC6Sh/QfS2sM+SjgFDcw=="
  "resolved" "https://registry.npmjs.org/bytes/-/bytes-3.0.0.tgz"
  "version" "3.0.0"

"bytes@3.1.2":
  "integrity" "sha512-/Nf7TyzTx6S3yRJObOAV7956r8cr2+Oj8AC5dt8wSP3BQAoeX58NoHyCU8P8zGkNXStjTSi6fzO6F0pBdcYbEg=="
  "resolved" "https://registry.npmjs.org/bytes/-/bytes-3.1.2.tgz"
  "version" "3.1.2"

"cacache@^15.3.0":
  "integrity" "sha512-VVdYzXEn+cnbXpFgWs5hTT7OScegHVmLhJIR8Ufqk3iFD6A6j5iSX1KuBTfNEv4tdJWE2PzA6IVFtcLC7fN9wQ=="
  "resolved" "https://registry.npmjs.org/cacache/-/cacache-15.3.0.tgz"
  "version" "15.3.0"
  dependencies:
    "@npmcli/fs" "^1.0.0"
    "@npmcli/move-file" "^1.0.1"
    "chownr" "^2.0.0"
    "fs-minipass" "^2.0.0"
    "glob" "^7.1.4"
    "infer-owner" "^1.0.4"
    "lru-cache" "^6.0.0"
    "minipass" "^3.1.1"
    "minipass-collect" "^1.0.2"
    "minipass-flush" "^1.0.5"
    "minipass-pipeline" "^1.2.2"
    "mkdirp" "^1.0.3"
    "p-map" "^4.0.0"
    "promise-inflight" "^1.0.1"
    "rimraf" "^3.0.2"
    "ssri" "^8.0.1"
    "tar" "^6.0.2"
    "unique-filename" "^1.1.1"

"cache-base@^1.0.1":
  "integrity" "sha512-AKcdTnFSWATd5/GCPRxr2ChwIJ85CeyrEyjRHlKxQ56d4XJMGym0uAiKn0xbLOGOl3+yRpOTi484dVCEc5AUzQ=="
  "resolved" "https://registry.npmjs.org/cache-base/-/cache-base-1.0.1.tgz"
  "version" "1.0.1"
  dependencies:
    "collection-visit" "^1.0.0"
    "component-emitter" "^1.2.1"
    "get-value" "^2.0.6"
    "has-value" "^1.0.0"
    "isobject" "^3.0.1"
    "set-value" "^2.0.0"
    "to-object-path" "^0.3.0"
    "union-value" "^1.0.0"
    "unset-value" "^1.0.0"

"call-bind@^1.0.0":
  "integrity" "sha512-7O+FbCihrB5WGbFYesctwmTKae6rOiIzmz1icreWJ+0aA7LJfuqhEso2T9ncpcFtzMQtzXf2QGGueWJGTYsqrA=="
  "resolved" "https://registry.npmjs.org/call-bind/-/call-bind-1.0.2.tgz"
  "version" "1.0.2"
  dependencies:
    "function-bind" "^1.1.1"
    "get-intrinsic" "^1.0.2"

"caller-callsite@^2.0.0":
  "integrity" "sha512-JuG3qI4QOftFsZyOn1qq87fq5grLIyk1JYd5lJmdA+fG7aQ9pA/i3JIJGcO3q0MrRcHlOt1U+ZeHW8Dq9axALQ=="
  "resolved" "https://registry.npmjs.org/caller-callsite/-/caller-callsite-2.0.0.tgz"
  "version" "2.0.0"
  dependencies:
    "callsites" "^2.0.0"

"caller-path@^2.0.0":
  "integrity" "sha512-MCL3sf6nCSXOwCTzvPKhN18TU7AHTvdtam8DAogxcrJ8Rjfbbg7Lgng64H9Iy+vUV6VGFClN/TyxBkAebLRR4A=="
  "resolved" "https://registry.npmjs.org/caller-path/-/caller-path-2.0.0.tgz"
  "version" "2.0.0"
  dependencies:
    "caller-callsite" "^2.0.0"

"callsites@^2.0.0":
  "integrity" "sha512-ksWePWBloaWPxJYQ8TL0JHvtci6G5QTKwQ95RcWAa/lzoAKuAOflGdAK92hpHXjkwb8zLxoLNUoNYZgVsaJzvQ=="
  "resolved" "https://registry.npmjs.org/callsites/-/callsites-2.0.0.tgz"
  "version" "2.0.0"

"camelcase@^6.0.0":
  "integrity" "sha512-Gmy6FhYlCY7uOElZUSbxo2UCDH8owEk996gkbrpsgGtrJLM3J7jGxl9Ic7Qwwj4ivOE5AWZWRMecDdF7hqGjFA=="
  "resolved" "https://registry.npmjs.org/camelcase/-/camelcase-6.3.0.tgz"
  "version" "6.3.0"

"camelize@^1.0.0":
  "integrity" "sha512-dU+Tx2fsypxTgtLoE36npi3UqcjSSMNYfkqgmoEhtZrraP5VWq0K7FkWVTYa8eMPtnU/G2txVsfdCJTn9uzpuQ=="
  "resolved" "https://registry.npmjs.org/camelize/-/camelize-1.0.1.tgz"
  "version" "1.0.1"

"caniuse-lite@^1.0.30001449":
  "integrity" "sha512-Rcp7221ScNqQPP3W+lVOYDyjdR6dC+neEQCttoNr5bAyz54AboB4iwpnWgyi8P4YUsPybVzT4LgWiBbI3drL4g=="
  "resolved" "https://registry.npmjs.org/caniuse-lite/-/caniuse-lite-1.0.30001469.tgz"
  "version" "1.0.30001469"

"chalk@^2.0.0", "chalk@^2.0.1", "chalk@^2.4.2", "chalk@^4.1.0", "chalk@^4.1.2":
  "integrity" "sha512-Mti+f9lpJNcwF4tWV8/OrTTtF1gZi+f8FqlyAdouralcFWFQWF2+NgCHShjkCb+IFBLq9buZwE1xckQU4peSuQ=="
  "resolved" "https://registry.npmjs.org/chalk/-/chalk-2.4.2.tgz"
  "version" "2.4.2"
  dependencies:
    "ansi-styles" "^3.2.1"
    "escape-string-regexp" "^1.0.5"
    "supports-color" "^5.3.0"

"chalk@^4.0.0":
  "integrity" "sha512-oKnbhFyRIXpUuez8iBMmyEa4nbj4IOQyuhc/wy9kY7/WVPcwIO9VA668Pu8RkO7+0G76SLROeyw9CpQ061i4mA=="
  "resolved" "https://registry.npmjs.org/chalk/-/chalk-4.1.2.tgz"
  "version" "4.1.2"
  dependencies:
    "ansi-styles" "^4.1.0"
    "supports-color" "^7.1.0"

"charenc@~0.0.1", "charenc@0.0.2":
  "integrity" "sha512-yrLQ/yVUFXkzg7EDQsPieE/53+0RlaWTs+wBrvW36cyilJ2SaDWfl4Yj7MtLTXleV9uEKefbAGUPv2/iWSooRA=="
  "resolved" "https://registry.npmjs.org/charenc/-/charenc-0.0.2.tgz"
  "version" "0.0.2"

"chownr@^2.0.0":
  "integrity" "sha512-bIomtDF5KGpdogkLd9VspvFzk9KfpyyGlS8YFVZl7TGPBHL5snIOnxeshwVgPteQ9b4Eydl+pVbIyE1DcvCWgQ=="
  "resolved" "https://registry.npmjs.org/chownr/-/chownr-2.0.0.tgz"
  "version" "2.0.0"

"ci-info@^3.3.0":
  "integrity" "sha512-eXTggHWSooYhq49F2opQhuHWgzucfF2YgODK4e1566GQs5BIfP30B0oenwBJHfWxAs2fyPB1s7Mg949zLf61Yw=="
  "resolved" "https://registry.npmjs.org/ci-info/-/ci-info-3.8.0.tgz"
  "version" "3.8.0"

"class-utils@^0.3.5":
  "integrity" "sha512-qOhPa/Fj7s6TY8H8esGu5QNpMMQxz79h+urzrNYN6mn+9BnxlDGf5QZ+XeCDsxSjPqsSR56XOZOJmpeurnLMeg=="
  "resolved" "https://registry.npmjs.org/class-utils/-/class-utils-0.3.6.tgz"
  "version" "0.3.6"
  dependencies:
    "arr-union" "^3.1.0"
    "define-property" "^0.2.5"
    "isobject" "^3.0.0"
    "static-extend" "^0.1.1"

"clean-stack@^2.0.0":
  "integrity" "sha512-4diC9HaTE+KRAMWhDhrGOECgWZxoevMc5TlkObMqNSsVU62PYzXZ/SMTjzyGAFF1YusgxGcSWTEXBhp0CPwQ1A=="
  "resolved" "https://registry.npmjs.org/clean-stack/-/clean-stack-2.2.0.tgz"
  "version" "2.2.0"

"cli-cursor@^2.1.0", "cli-cursor@^3.1.0":
  "integrity" "sha512-8lgKz8LmCRYZZQDpRyT2m5rKJ08TnU4tR9FFFW2rxpxR1FzWi4PQ/NfyODchAatHaUgnSPVcx/R5w6NuTBzFiw=="
  "resolved" "https://registry.npmjs.org/cli-cursor/-/cli-cursor-2.1.0.tgz"
  "version" "2.1.0"
  dependencies:
    "restore-cursor" "^2.0.0"

"cli-spinners@^2.0.0", "cli-spinners@^2.5.0":
  "integrity" "sha512-qu3pN8Y3qHNgE2AFweciB1IfMnmZ/fsNTEE+NOFjmGB2F/7rLhnhzppvpCnN4FovtP26k8lHyy9ptEbNwWFLzw=="
  "resolved" "https://registry.npmjs.org/cli-spinners/-/cli-spinners-2.7.0.tgz"
  "version" "2.7.0"

"clone-deep@^4.0.1":
  "integrity" "sha512-neHB9xuzh/wk0dIHweyAXv2aPGZIVk3pLMe+/RNzINf17fe0OG96QroktYAUm7SM1PBnzTabaLboqqxDyMU+SQ=="
  "resolved" "https://registry.npmjs.org/clone-deep/-/clone-deep-4.0.1.tgz"
  "version" "4.0.1"
  dependencies:
    "is-plain-object" "^2.0.4"
    "kind-of" "^6.0.2"
    "shallow-clone" "^3.0.0"

"clone@^2.1.2":
  "integrity" "sha512-3Pe/CF1Nn94hyhIYpjtiLhdCoEoz0DqQ+988E9gmeEdQZlojxnOb74wctFyuwWQHzqyf9X7C7MG8juUpqBJT8w=="
  "resolved" "https://registry.npmjs.org/clone/-/clone-2.1.2.tgz"
  "version" "2.1.2"

"collection-visit@^1.0.0":
  "integrity" "sha512-lNkKvzEeMBBjUGHZ+q6z9pSJla0KWAQPvtzhEV9+iGyQYG+pBpl7xKDhxoNSOZH2hhv0v5k0y2yAM4o4SjoSkw=="
  "resolved" "https://registry.npmjs.org/collection-visit/-/collection-visit-1.0.0.tgz"
  "version" "1.0.0"
  dependencies:
    "map-visit" "^1.0.0"
    "object-visit" "^1.0.0"

"color-convert@^1.9.0":
  "integrity" "sha512-QfAUtd+vFdAtFQcC8CCyYt1fYWxSqAiK2cSD6zDB8N3cpsEBAvRxp9zOGg6G/SHHJYAT88/az/IuDGALsNVbGg=="
  "resolved" "https://registry.npmjs.org/color-convert/-/color-convert-1.9.3.tgz"
  "version" "1.9.3"
  dependencies:
    "color-name" "1.1.3"

"color-convert@^2.0.1":
  "integrity" "sha512-RRECPsj7iu/xb5oKYcsFHSppFNnsj/52OVTRKb4zP5onXwVF3zVmmToNcOfGC+CRDpfK/U584fMg38ZHCaElKQ=="
  "resolved" "https://registry.npmjs.org/color-convert/-/color-convert-2.0.1.tgz"
  "version" "2.0.1"
  dependencies:
    "color-name" "~1.1.4"

"color-name@^1.0.0", "color-name@1.1.3":
  "integrity" "sha512-72fSenhMw2HZMTVHeCA9KCmpEIbzWiQsjN+BHcBbS9vr1mtt+vJjPdksIBNUmKAW8TFUDPJK5SUU3QhE9NEXDw=="
  "resolved" "https://registry.npmjs.org/color-name/-/color-name-1.1.3.tgz"
  "version" "1.1.3"

"color-name@~1.1.4":
  "integrity" "sha512-dOy+3AuW3a2wNbZHIuMZpTcgjGuLU/uBL/ubcZF9OXbDo8ff4O8yVp5Bf0efS8uEoYo5q4Fx7dY9OgQGXgAsQA=="
  "resolved" "https://registry.npmjs.org/color-name/-/color-name-1.1.4.tgz"
  "version" "1.1.4"

"color-string@^1.9.0":
  "integrity" "sha512-shrVawQFojnZv6xM40anx4CkoDP+fZsw/ZerEMsW/pyzsRbElpsL/DBVW7q3ExxwusdNXI3lXpuhEZkzs8p5Eg=="
  "resolved" "https://registry.npmjs.org/color-string/-/color-string-1.9.1.tgz"
  "version" "1.9.1"
  dependencies:
    "color-name" "^1.0.0"
    "simple-swizzle" "^0.2.2"

"color@^4.2.3":
  "integrity" "sha512-1rXeuUUiGGrykh+CeBdu5Ie7OJwinCgQY0bc7GCRxy5xVHy+moaqkpL/jqQq0MtQOeYcrqEz4abc5f0KtU7W4A=="
  "resolved" "https://registry.npmjs.org/color/-/color-4.2.3.tgz"
  "version" "4.2.3"
  dependencies:
    "color-convert" "^2.0.1"
    "color-string" "^1.9.0"

"colorette@^1.0.7":
  "integrity" "sha512-Y2oEozpomLn7Q3HFP7dpww7AtMJplbM9lGZP6RDfHqmbeRjiwRg4n6VM6j4KLmRke85uWEI7JqF17f3pqdRA0g=="
  "resolved" "https://registry.npmjs.org/colorette/-/colorette-1.4.0.tgz"
  "version" "1.4.0"

"combined-stream@^1.0.8":
  "integrity" "sha512-FQN4MRfuJeHf7cBbBMJFXhKSDq+2kAArBlmRBvcvFE5BB1HZKXtSFASDhdlz9zOYwxh8lDdnvmMOe/+5cdoEdg=="
  "resolved" "https://registry.npmjs.org/combined-stream/-/combined-stream-1.0.8.tgz"
  "version" "1.0.8"
  dependencies:
    "delayed-stream" "~1.0.0"

"command-exists@^1.2.4", "command-exists@^1.2.8":
  "integrity" "sha512-LTQ/SGc+s0Xc0Fu5WaKnR0YiygZkm9eKFvyS+fRsU7/ZWFF8ykFM6Pc9aCVf1+xasOOZpO3BAVgVrKvsqKHV7w=="
  "resolved" "https://registry.npmjs.org/command-exists/-/command-exists-1.2.9.tgz"
  "version" "1.2.9"

"commander@^4.0.0":
  "integrity" "sha512-NOKm8xhkzAjzFx8B2v5OAHT+u5pRQc2UCa2Vq9jYL/31o2wi9mxBA7LIFs3sV5VSC49z6pEhfbMULvShKj26WA=="
  "resolved" "https://registry.npmjs.org/commander/-/commander-4.1.1.tgz"
  "version" "4.1.1"

"commander@^7.2.0":
  "integrity" "sha512-QrWXB+ZQSVPmIWIhtEO9H+gwHaMGYiF5ChvoJ+K9ZGHG/sVsa6yiesAD1GC/x46sET00Xlwo1u49RVVVzvcSkw=="
  "resolved" "https://registry.npmjs.org/commander/-/commander-7.2.0.tgz"
  "version" "7.2.0"

"commander@^9.4.1":
  "integrity" "sha512-KRs7WVDKg86PWiuAqhDrAQnTXZKraVcCc6vFdL14qrZ/DcWwuRo7VoiYXalXO7S5GKpqYiVEwCbgFDfxNHKJBQ=="
  "resolved" "https://registry.npmjs.org/commander/-/commander-9.5.0.tgz"
  "version" "9.5.0"

"commondir@^1.0.1":
  "integrity" "sha512-W9pAhw0ja1Edb5GVdIF1mjZw/ASI0AlShXM83UUGe2DVr5TdAPEA1OA8m/g8zWp9x6On7gqufY+FatDbC3MDQg=="
  "resolved" "https://registry.npmjs.org/commondir/-/commondir-1.0.1.tgz"
  "version" "1.0.1"

"compare-versions@^3.4.0":
  "integrity" "sha512-W6Af2Iw1z4CB7q4uU4hv646dW9GQuBM+YpC0UvUCWSD8w90SJjp+ujJuXaEMtAXBtSqGfMPuFOVn4/+FlaqfBA=="
  "resolved" "https://registry.npmjs.org/compare-versions/-/compare-versions-3.6.0.tgz"
  "version" "3.6.0"

"component-emitter@^1.2.1":
  "integrity" "sha512-Rd3se6QB+sO1TwqZjscQrurpEPIfO0/yYnSin6Q/rD3mOutHvUrCAhJub3r90uNb+SESBuE0QYoB90YdfatsRg=="
  "resolved" "https://registry.npmjs.org/component-emitter/-/component-emitter-1.3.0.tgz"
  "version" "1.3.0"

"component-type@^1.2.1":
  "integrity" "sha512-Kgy+2+Uwr75vAi6ChWXgHuLvd+QLD7ssgpaRq2zCvt80ptvAfMc/hijcJxXkBa2wMlEZcJvC2H8Ubo+A9ATHIg=="
  "resolved" "https://registry.npmjs.org/component-type/-/component-type-1.2.1.tgz"
  "version" "1.2.1"

"compressible@~2.0.16":
  "integrity" "sha512-AF3r7P5dWxL8MxyITRMlORQNaOA2IkAFaTr4k7BUumjPtRpGDTZpl0Pb1XCO6JeDCBdp126Cgs9sMxqSjgYyRg=="
  "resolved" "https://registry.npmjs.org/compressible/-/compressible-2.0.18.tgz"
  "version" "2.0.18"
  dependencies:
    "mime-db" ">= 1.43.0 < 2"

"compression@^1.7.1":
  "integrity" "sha512-jaSIDzP9pZVS4ZfQ+TzvtiWhdpFhE2RDHz8QJkpX9SIpLq88VueF5jJw6t+6CUQcAoA6t+x89MLrWAqpfDE8iQ=="
  "resolved" "https://registry.npmjs.org/compression/-/compression-1.7.4.tgz"
  "version" "1.7.4"
  dependencies:
    "accepts" "~1.3.5"
    "bytes" "3.0.0"
    "compressible" "~2.0.16"
    "debug" "2.6.9"
    "on-headers" "~1.0.2"
    "safe-buffer" "5.1.2"
    "vary" "~1.1.2"

"concat-map@0.0.1":
  "integrity" "sha512-/Srv4dswyQNBfohGpz9o6Yb3Gz3SrUDqBH5rTuhGR7ahtlbYKnVxw2bCFMRljaA7EXHaXZ8wsHdodFvbkhKmqg=="
  "resolved" "https://registry.npmjs.org/concat-map/-/concat-map-0.0.1.tgz"
  "version" "0.0.1"

"connect@^3.6.5", "connect@^3.7.0":
  "integrity" "sha512-ZqRXc+tZukToSNmh5C2iWMSoV3X1YUcPbqEM4DkEG5tNQXrQUZCNVGGv3IuicnkMtPfGf3Xtp8WCXs295iQ1pQ=="
  "resolved" "https://registry.npmjs.org/connect/-/connect-3.7.0.tgz"
  "version" "3.7.0"
  dependencies:
    "debug" "2.6.9"
    "finalhandler" "1.1.2"
    "parseurl" "~1.3.3"
    "utils-merge" "1.0.1"

"content-type@~1.0.5":
  "integrity" "sha512-nTjqfcBFEipKdXCv4YDQWCfmcLZKm81ldF0pAopTvyrFGVbcR6P/VAAd5G7N+0tTr8QqiU0tFadD6FK4NtJwOA=="
  "resolved" "https://registry.npmjs.org/content-type/-/content-type-1.0.5.tgz"
  "version" "1.0.5"

"convert-source-map@^1.7.0":
  "integrity" "sha512-ASFBup0Mz1uyiIjANan1jzLQami9z1PoYSZCiiYW2FczPbenXc45FZdBZLzOT+r6+iciuEModtmCti+hjaAk0A=="
  "resolved" "https://registry.npmjs.org/convert-source-map/-/convert-source-map-1.9.0.tgz"
  "version" "1.9.0"

"copy-descriptor@^0.1.0":
  "integrity" "sha512-XgZ0pFcakEUlbwQEVNg3+QAis1FyTL3Qel9FYy8pSkQqoG3PNoT0bOCQtOXcOkur21r2Eq2kI+IE+gsmAEVlYw=="
  "resolved" "https://registry.npmjs.org/copy-descriptor/-/copy-descriptor-0.1.1.tgz"
  "version" "0.1.1"

"core-js-compat@^3.25.1":
  "integrity" "sha512-QmchCua884D8wWskMX8tW5ydINzd8oSJVx38lx/pVkFGqztxt73GYre3pm/hyYq8bPf+MW5In4I/uRShFDsbrA=="
  "resolved" "https://registry.npmjs.org/core-js-compat/-/core-js-compat-3.29.1.tgz"
  "version" "3.29.1"
  dependencies:
    "browserslist" "^4.21.5"

"cosmiconfig@^5.0.5", "cosmiconfig@^5.1.0":
  "integrity" "sha512-H65gsXo1SKjf8zmrJ67eJk8aIRKV5ff2D4uKZIBZShbhGSpEmsQOPW/SKMKYhSTrqR7ufy6RP69rPogdaPh/kA=="
  "resolved" "https://registry.npmjs.org/cosmiconfig/-/cosmiconfig-5.2.1.tgz"
  "version" "5.2.1"
  dependencies:
    "import-fresh" "^2.0.0"
    "is-directory" "^0.3.1"
    "js-yaml" "^3.13.1"
    "parse-json" "^4.0.0"

"create-react-class@^15.7.0":
  "integrity" "sha512-QZv4sFWG9S5RUvkTYWbflxeZX+JG7Cz0Tn33rQBJ+WFQTqTfUTjMjiv9tnfXazjsO5r0KhPs+AqCjyrQX6h2ng=="
  "resolved" "https://registry.npmjs.org/create-react-class/-/create-react-class-15.7.0.tgz"
  "version" "15.7.0"
  dependencies:
    "loose-envify" "^1.3.1"
    "object-assign" "^4.1.1"

"cross-fetch@^3.1.5":
  "integrity" "sha512-lvb1SBsI0Z7GDwmuid+mU3kWVBwTVUbe7S0H52yaaAdQOXq2YktTCZdlAcNKFzE6QtRz0snpw9bNiPeOIkkQvw=="
  "resolved" "https://registry.npmjs.org/cross-fetch/-/cross-fetch-3.1.5.tgz"
  "version" "3.1.5"
  dependencies:
    "node-fetch" "2.6.7"

"cross-spawn@^6.0.0", "cross-spawn@^6.0.5":
  "integrity" "sha512-eTVLrBSt7fjbDygz805pMnstIs2VTBNkRm0qxZd+M7A5XDdxVRWO5MxGBXZhjY4cqLYLdtrGqRf8mBPmzwSpWQ=="
  "resolved" "https://registry.npmjs.org/cross-spawn/-/cross-spawn-6.0.5.tgz"
  "version" "6.0.5"
  dependencies:
    "nice-try" "^1.0.4"
    "path-key" "^2.0.1"
    "semver" "^5.5.0"
    "shebang-command" "^1.2.0"
    "which" "^1.2.9"

"crypt@~0.0.1", "crypt@0.0.2":
  "integrity" "sha512-mCxBlsHFYh9C+HVpiEacem8FEBnMXgU9gy4zmNC+SXAZNB/1idgp/aulFJ4FgCi7GPEVbfyng092GqL2k2rmow=="
  "resolved" "https://registry.npmjs.org/crypt/-/crypt-0.0.2.tgz"
  "version" "0.0.2"

"crypto-random-string@^1.0.0":
  "integrity" "sha512-GsVpkFPlycH7/fRR7Dhcmnoii54gV1nz7y4CWyeFS14N+JVBBhY+r8amRHE4BwSYal7BPTDp8isvAlCxyFt3Hg=="
  "resolved" "https://registry.npmjs.org/crypto-random-string/-/crypto-random-string-1.0.0.tgz"
  "version" "1.0.0"

"crypto-random-string@^2.0.0":
  "integrity" "sha512-v1plID3y9r/lPhviJ1wrXpLeyUIGAZ2SHNYTEapm7/8A9nLPoyvVp3RK/EPFqn5kEznyWgYZNsRtYYIWbuG8KA=="
  "resolved" "https://registry.npmjs.org/crypto-random-string/-/crypto-random-string-2.0.0.tgz"
  "version" "2.0.0"

"css-color-keywords@^1.0.0":
  "integrity" "sha512-FyyrDHZKEjXDpNJYvVsV960FiqQyXc/LlYmsxl2BcdMb2WPx0OGRVgTg55rPSyLSNMqP52R9r8geSp7apN3Ofg=="
  "resolved" "https://registry.npmjs.org/css-color-keywords/-/css-color-keywords-1.0.0.tgz"
  "version" "1.0.0"

"css-in-js-utils@^3.1.0":
  "integrity" "sha512-fJAcud6B3rRu+KHYk+Bwf+WFL2MDCJJ1XG9x137tJQ0xYxor7XziQtuGFbWNdqrvF4Tk26O3H73nfVqXt/fW1A=="
  "resolved" "https://registry.npmjs.org/css-in-js-utils/-/css-in-js-utils-3.1.0.tgz"
  "version" "3.1.0"
  dependencies:
    "hyphenate-style-name" "^1.0.3"

"css-to-react-native@^3.0.0":
  "integrity" "sha512-e8RKaLXMOFii+02mOlqwjbD00KSEKqblnpO9e++1aXS1fPQOpS1YoqdVHBqPjHNoxeF2mimzVqawm2KCbEdtHQ=="
  "resolved" "https://registry.npmjs.org/css-to-react-native/-/css-to-react-native-3.2.0.tgz"
  "version" "3.2.0"
  dependencies:
    "camelize" "^1.0.0"
    "css-color-keywords" "^1.0.0"
    "postcss-value-parser" "^4.0.2"

"dag-map@~1.0.0":
  "integrity" "sha512-+LSAiGFwQ9dRnRdOeaj7g47ZFJcOUPukAP8J3A3fuZ1g9Y44BG+P1sgApjLXTQPOzC4+7S9Wr8kXsfpINM4jpw=="
  "resolved" "https://registry.npmjs.org/dag-map/-/dag-map-1.0.2.tgz"
  "version" "1.0.2"

"dayjs@^1.8.15":

"debug@^2.2.0":
  "integrity" "sha512-bC7ElrdJaJnPbAP+1EotYvqZsb3ecl5wi6Bfi6BJTUcNowp6cvspg0jXznRTKDjm/E7AdgFBVeAPVMNcKGsHMA=="
  "resolved" "https://registry.npmjs.org/debug/-/debug-2.6.9.tgz"
  "version" "2.6.9"
  dependencies:
    "ms" "2.0.0"

"debug@^2.3.3":
  "integrity" "sha512-bC7ElrdJaJnPbAP+1EotYvqZsb3ecl5wi6Bfi6BJTUcNowp6cvspg0jXznRTKDjm/E7AdgFBVeAPVMNcKGsHMA=="
  "resolved" "https://registry.npmjs.org/debug/-/debug-2.6.9.tgz"
  "version" "2.6.9"
  dependencies:
    "ms" "2.0.0"

"debug@^3.1.0":
  "integrity" "sha512-CFjzYYAi4ThfiQvizrFQevTTXHtnCqWfe7x1AhgEscTz6ZbLbfoLRLPugTQyBth6f8ZERVUSyWHFD/7Wu4t1XQ=="
  "resolved" "https://registry.npmjs.org/debug/-/debug-3.2.7.tgz"
  "version" "3.2.7"
  dependencies:
    "ms" "^2.1.1"

"debug@^4.1.0", "debug@^4.1.1", "debug@^4.3.1", "debug@^4.3.2", "debug@^4.3.4", "debug@2.6.9", "debug@4":
  "integrity" "sha512-PRWFHuSU3eDtQJPvnNY7Jcket1j0t5OuOsFzPPzsekD52Zl8qUfFIPEiswXqIvHWGVHOgX+7G/vCNNhehwxfkQ=="
  "resolved" "https://registry.npmjs.org/debug/-/debug-4.3.4.tgz"
  "version" "4.3.4"
  dependencies:
    "ms" "2.1.2"

"decode-uri-component@^0.2.0", "decode-uri-component@^0.2.2":
  "integrity" "sha512-FqUYQ+8o158GyGTrMFJms9qh3CqTKvAqgqsTnkLI8sKu0028orqBhxNMFkFen0zGyg6epACD32pjVk58ngIErQ=="
  "resolved" "https://registry.npmjs.org/decode-uri-component/-/decode-uri-component-0.2.2.tgz"
  "version" "0.2.2"

"deep-extend@^0.6.0":
  "integrity" "sha512-LOHxIOaPYdHlJRtCQfDIVZtfw/ufM8+rVj649RIHzcm/vGwQRXFt6OPqIFWsm2XEMrNIEtWR64sY1LEKD2vAOA=="
  "resolved" "https://registry.npmjs.org/deep-extend/-/deep-extend-0.6.0.tgz"
  "version" "0.6.0"

"deepmerge@^2.1.1":
  "integrity" "sha512-R9hc1Xa/NOBi9WRVUWg19rl1UB7Tt4kuPd+thNJgFZoxXsTz7ncaPaeIm+40oSGuP33DfMb4sZt1QIGiJzC4EA=="
  "resolved" "https://registry.npmjs.org/deepmerge/-/deepmerge-2.2.1.tgz"
  "version" "2.2.1"

"deepmerge@^3.2.0":
  "integrity" "sha512-GRQOafGHwMHpjPx9iCvTgpu9NojZ49q794EEL94JVEw6VaeA8XTUyBKvAkOOjBX9oJNiV6G3P+T+tihFjo2TqA=="
  "resolved" "https://registry.npmjs.org/deepmerge/-/deepmerge-3.3.0.tgz"
  "version" "3.3.0"

"default-gateway@^4.2.0":
  "integrity" "sha512-h6sMrVB1VMWVrW13mSc6ia/DwYYw5MN6+exNu1OaJeFac5aSAvwM7lZ0NVfTABuSkQelr4h5oebg3KB1XPdjgA=="
  "resolved" "https://registry.npmjs.org/default-gateway/-/default-gateway-4.2.0.tgz"
  "version" "4.2.0"
  dependencies:
    "execa" "^1.0.0"
    "ip-regex" "^2.1.0"

"defaults@^1.0.3":

"define-lazy-prop@^2.0.0":
  "integrity" "sha512-Ds09qNh8yw3khSjiJjiUInaGX9xlqZDY7JVryGxdxV7NPeuqQfplOpQ66yJFZut3jLa5zOwkXw1g9EI2uKh4Og=="
  "resolved" "https://registry.npmjs.org/define-lazy-prop/-/define-lazy-prop-2.0.0.tgz"
  "version" "2.0.0"

"define-property@^0.2.5":

"define-property@^1.0.0", "define-property@^2.0.2":
  "integrity" "sha512-jwK2UV4cnPpbcG7+VRARKTZPUWowwXA8bzH5NP6ud0oeAxyYPuGZUAC7hMugpCdz4BeSZl2Dl9k66CHJ/46ZYQ=="
  "resolved" "https://registry.npmjs.org/define-property/-/define-property-2.0.2.tgz"
  "version" "2.0.2"
  dependencies:
    "is-descriptor" "^1.0.2"
    "isobject" "^3.0.1"

"del@^6.0.0":
  "integrity" "sha512-ua8BhapfP0JUJKC/zV9yHHDW/rDoDxP4Zhn3AkA6/xT6gY7jYXJiaeyBZznYVujhZZET+UgcbZiQ7sN3WqcImg=="
  "resolved" "https://registry.npmjs.org/del/-/del-6.1.1.tgz"
  "version" "6.1.1"
  dependencies:
    "globby" "^11.0.1"
    "graceful-fs" "^4.2.4"
    "is-glob" "^4.0.1"
    "is-path-cwd" "^2.2.0"
    "is-path-inside" "^3.0.2"
    "p-map" "^4.0.0"
    "rimraf" "^3.0.2"
    "slash" "^3.0.0"

"delayed-stream@~1.0.0":
  "integrity" "sha512-ZySD7Nf91aLB0RxL4KGrKHBXl7Eds1DAmEdcoVawXnLD7SDhpNgtuII2aAkg7a7QS41jxPSZ17p4VdGnMHk3MQ=="
  "resolved" "https://registry.npmjs.org/delayed-stream/-/delayed-stream-1.0.0.tgz"
  "version" "1.0.0"

"depd@2.0.0":
  "integrity" "sha512-g7nH6P6dyDioJogAAGprGpCtVImJhpPk/roCzdb3fIh61/s/nPsfR6onyMwkCAR/OlC3yBC0lESvUoQEAssIrw=="
  "resolved" "https://registry.npmjs.org/depd/-/depd-2.0.0.tgz"
  "version" "2.0.0"

"deprecated-react-native-prop-types@^3.0.1":
  "integrity" "sha512-J0jCJcsk4hMlIb7xwOZKLfMpuJn6l8UtrPEzzQV5ewz5gvKNYakhBuq9h2rWX7YwHHJZFhU5W8ye7dB9oN8VcQ=="
  "resolved" "https://registry.npmjs.org/deprecated-react-native-prop-types/-/deprecated-react-native-prop-types-3.0.1.tgz"
  "version" "3.0.1"
  dependencies:
    "@react-native/normalize-color" "*"
    "invariant" "*"
    "prop-types" "*"

"destroy@1.2.0":
  "integrity" "sha512-2sJGJTaXIIaR1w4iJSNoN0hnMY7Gpc/n8D4qSCJw8QqFWXf7cuAgnEHxBpweaVcPevC2l3KpjYCx3NypQQgaJg=="
  "resolved" "https://registry.npmjs.org/destroy/-/destroy-1.2.0.tgz"
  "version" "1.2.0"

"dir-glob@^3.0.1":
  "integrity" "sha512-WkrWp9GR4KXfKGYzOLmTuGVi1UWFfws377n9cc55/tb6DuqyF6pcQ5AbiHEshaDpY9v6oaSr2XCDidGmMwdzIA=="
  "resolved" "https://registry.npmjs.org/dir-glob/-/dir-glob-3.0.1.tgz"
  "version" "3.0.1"
  dependencies:
    "path-type" "^4.0.0"

"ee-first@1.1.1":
  "integrity" "sha512-WMwm9LhRUo+WUaRN+vRuETqG89IgZphVSNkdFgeb6sS/E4OrDIN7t48CAewSHXc6C8lefD8KKfr5vY61brQlow=="
  "resolved" "https://registry.npmjs.org/ee-first/-/ee-first-1.1.1.tgz"
  "version" "1.1.1"

"electron-to-chromium@^1.4.284":
  "integrity" "sha512-zx8hqumOqltKsv/MF50yvdAlPF9S/4PXbyfzJS6ZGhbddGkRegdwImmfSVqCkEziYzrIGZ/TlrzBND4FysfkDg=="
  "resolved" "https://registry.npmjs.org/electron-to-chromium/-/electron-to-chromium-1.4.340.tgz"
  "version" "1.4.340"

"emoji-regex@^8.0.0":
  "integrity" "sha512-MSjYzcWNOA0ewAHpz0MxpYFvwg6yjy1NG3xteoqz644VCo/RPgnr1/GGt+ic3iJTzQ8Eu3TdM14SawnVUmGE6A=="
  "resolved" "https://registry.npmjs.org/emoji-regex/-/emoji-regex-8.0.0.tgz"
  "version" "8.0.0"

"encodeurl@~1.0.2":
  "integrity" "sha512-TPJXq8JqFaVYm2CWmPvnP2Iyo4ZSM7/QKcSmuMLDObfpH5fi7RUGmd/rTDf+rut/saiDiQEeVTNgAmJEdAOx0w=="
  "resolved" "https://registry.npmjs.org/encodeurl/-/encodeurl-1.0.2.tgz"
  "version" "1.0.2"

"end-of-stream@^1.1.0":
  "integrity" "sha512-+uw1inIHVPQoaVuHzRyXd21icM+cnt4CzD5rW+NC1wjOUSTOs+Te7FOv7AhN7vS9x/oIyhLP5PR1H+phQAHu5Q=="
  "resolved" "https://registry.npmjs.org/end-of-stream/-/end-of-stream-1.4.4.tgz"
  "version" "1.4.4"
  dependencies:
    "once" "^1.4.0"

"env-editor@^0.4.1":
  "integrity" "sha512-ObFo8v4rQJAE59M69QzwloxPZtd33TpYEIjtKD1rrFDcM1Gd7IkDxEBU+HriziN6HSHQnBJi8Dmy+JWkav5HKA=="
  "resolved" "https://registry.npmjs.org/env-editor/-/env-editor-0.4.2.tgz"
  "version" "0.4.2"

"envinfo@^7.7.2":
  "integrity" "sha512-/o+BXHmB7ocbHEAs6F2EnG0ogybVVUdkRunTT2glZU9XAaGmhqskrvKwqXuDfNjEO0LZKWdejEEpnq8aM0tOaw=="
  "resolved" "https://registry.npmjs.org/envinfo/-/envinfo-7.8.1.tgz"
  "version" "7.8.1"

"eol@^0.9.1":
  "integrity" "sha512-Ds/TEoZjwggRoz/Q2O7SE3i4Jm66mqTDfmdHdq/7DKVk3bro9Q8h6WdXKdPqFLMoqxrDK5SVRzHVPOS6uuGtrg=="
  "resolved" "https://registry.npmjs.org/eol/-/eol-0.9.1.tgz"
  "version" "0.9.1"

"error-ex@^1.3.1":
  "integrity" "sha512-7dFHNmqeFSEt2ZBsCriorKnn3Z2pj+fd9kmI6QoWw4//DL+icEBfc0U7qJCisqrTsKTjw4fNFy2pW9OqStD84g=="
  "resolved" "https://registry.npmjs.org/error-ex/-/error-ex-1.3.2.tgz"
  "version" "1.3.2"
  dependencies:
    "is-arrayish" "^0.2.1"

"errorhandler@^1.5.0":
  "integrity" "sha512-rcOwbfvP1WTViVoUjcfZicVzjhjTuhSMntHh6mW3IrEiyE6mJyXvsToJUJGlGlw/2xU9P5whlWNGlIDVeCiT4A=="
  "resolved" "https://registry.npmjs.org/errorhandler/-/errorhandler-1.5.1.tgz"
  "version" "1.5.1"
  dependencies:
    "accepts" "~1.3.7"
    "escape-html" "~1.0.3"

"escalade@^3.1.1":
  "integrity" "sha512-k0er2gUkLf8O0zKJiAhmkTnJlTvINGv7ygDNPbeIsX/TJjGJZHuh9B2UxbsaEkmlEo9MfhrSzmhIlhRlI2GXnw=="
  "resolved" "https://registry.npmjs.org/escalade/-/escalade-3.1.1.tgz"
  "version" "3.1.1"

"escape-html@~1.0.3":
  "integrity" "sha512-NiSupZ4OeuGwr68lGIeym/ksIZMJodUGOSCZ/FSnTxcrekbvqrgdUxlJOMpijaKZVjAJrWrGs/6Jy8OMuyj9ow=="
  "resolved" "https://registry.npmjs.org/escape-html/-/escape-html-1.0.3.tgz"
  "version" "1.0.3"

"escape-string-regexp@^1.0.5":
  "integrity" "sha512-vbRorB5FUQWvla16U8R/qgaFIya2qGzwDrNmCZuYKrbdSUMG6I1ZCGQRefkRVhuOkIGVne7BQ35DSfo1qvJqFg=="
  "resolved" "https://registry.npmjs.org/escape-string-regexp/-/escape-string-regexp-1.0.5.tgz"
  "version" "1.0.5"

"escape-string-regexp@^2.0.0":
  "integrity" "sha512-UpzcLCXolUWcNu5HtVMHYdXJjArjsF9C0aNnquZYY4uW/Vu0miy5YoWvbV345HauVvcAUnpRuhMMcqTcGOY2+w=="
  "resolved" "https://registry.npmjs.org/escape-string-regexp/-/escape-string-regexp-2.0.0.tgz"
  "version" "2.0.0"

"escape-string-regexp@^4.0.0":
  "integrity" "sha512-TtpcNJ3XAzx3Gq8sWRzJaVajRs0uVxA2YAkdb1jm2YkPz4G6egUFAyA3n5vtEIZefPk5Wa4UXbKuS5fKkJWdgA=="
  "resolved" "https://registry.npmjs.org/escape-string-regexp/-/escape-string-regexp-4.0.0.tgz"
  "version" "4.0.0"

"esprima@^4.0.0", "esprima@~4.0.0":
  "integrity" "sha512-eGuFFw7Upda+g4p+QHvnW0RyTX/SVeJBDM/gCtMARO0cLuT2HcEKnTPvhjV6aGeqrCB/sbNop0Kszm0jsaWU4A=="
  "resolved" "https://registry.npmjs.org/esprima/-/esprima-4.0.1.tgz"
  "version" "4.0.1"

"esutils@^2.0.2":
  "integrity" "sha512-kVscqXk4OCp68SZ0dkgEKVi6/8ij300KBWTJq32P/dYeWTSwK41WyTxalN1eRmA5Z9UU/LX9D7FWSmV9SAYx6g=="
  "resolved" "https://registry.npmjs.org/esutils/-/esutils-2.0.3.tgz"
  "version" "2.0.3"

"etag@~1.8.1":
  "integrity" "sha512-aIL5Fx7mawVa300al2BnEE4iNvo1qETxLrPI/o05L7z6go7fCw1J6EQmbK4FmJ2AS7kgVF/KEZWufBfdClMcPg=="
  "resolved" "https://registry.npmjs.org/etag/-/etag-1.8.1.tgz"
  "version" "1.8.1"

"event-target-shim@^5.0.0", "event-target-shim@^5.0.1":
  "integrity" "sha512-i/2XbnSz/uxRCU6+NdVJgKWDTM427+MqYbkQzD321DuCQJUqOuJKIA0IM2+W2xtYHdKOmZ4dR6fExsd4SXL+WQ=="
  "resolved" "https://registry.npmjs.org/event-target-shim/-/event-target-shim-5.0.1.tgz"
  "version" "5.0.1"

"exec-async@^2.2.0":
  "integrity" "sha512-87OpwcEiMia/DeiKFzaQNBNFeN3XkkpYIh9FyOqq5mS2oKv3CBE67PXoEKcr6nodWdXNogTiQ0jE2NGuoffXPw=="
  "resolved" "https://registry.npmjs.org/exec-async/-/exec-async-2.2.0.tgz"
  "version" "2.2.0"

"execa@^1.0.0":
  "integrity" "sha512-adbxcyWV46qiHyvSp50TKt05tB4tK3HcmF7/nxfAdhnox83seTDbwnaqKO4sXRy7roHAIFqJP/Rw/AuEbX61LA=="
  "resolved" "https://registry.npmjs.org/execa/-/execa-1.0.0.tgz"
  "version" "1.0.0"
  dependencies:
    "cross-spawn" "^6.0.0"
    "get-stream" "^4.0.0"
    "is-stream" "^1.1.0"
    "npm-run-path" "^2.0.0"
    "p-finally" "^1.0.0"
    "signal-exit" "^3.0.0"
    "strip-eof" "^1.0.0"

"expand-brackets@^2.1.4":
  "integrity" "sha512-w/ozOKR9Obk3qoWeY/WDi6MFta9AoMR+zud60mdnbniMcBxRuFJyDt2LdX/14A1UABeqk+Uk+LDfUpvoGKppZA=="
